<?xml version="1.0" encoding="utf-8"?>
<Project ToolsVersion="4.0" xmlns="http://schemas.microsoft.com/developer/msbuild/2003">
  <ItemGroup>
    <Filter Include="Source Files">
      <UniqueIdentifier>{4FC737F1-C7A5-4376-A066-2A32D752A2FF}</UniqueIdentifier>
      <Extensions>cpp;c;cc;cxx;def;odl;idl;hpj;bat;asm;asmx</Extensions>
    </Filter>
    <Filter Include="Resource Files">
      <UniqueIdentifier>{67DA6AB6-F800-4c08-8B7A-83BB121AAD01}</UniqueIdentifier>
      <Extensions>rc;ico;cur;bmp;dlg;rc2;rct;bin;rgs;gif;jpg;jpeg;jpe;resx;tiff;tif;png;wav;mfcribbon-ms</Extensions>
    </Filter>
    <Filter Include="Source Files\Camera">
      <UniqueIdentifier>{29d43a2c-4aa1-4a41-8ebf-fffbe811a2ed}</UniqueIdentifier>
    </Filter>
    <Filter Include="Source Files\Map">
      <UniqueIdentifier>{b66b3250-17c0-47db-bb2f-2eb3d7064397}</UniqueIdentifier>
    </Filter>
    <Filter Include="Source Files\Player">
      <UniqueIdentifier>{3c5faa50-1040-4d6b-a4b6-80c1250f4286}</UniqueIdentifier>
    </Filter>
    <Filter Include="Source Files\Scene">
      <UniqueIdentifier>{76cf3146-c705-4aa3-b7c0-91a4661dacfe}</UniqueIdentifier>
    </Filter>
    <Filter Include="Source Files\Text">
<<<<<<< HEAD
      <UniqueIdentifier>{a5d64c42-2a17-4413-889b-b83cf2d00ca1}</UniqueIdentifier>
=======
      <UniqueIdentifier>{4d7a67cd-8b39-49bb-8435-56435cf3ac07}</UniqueIdentifier>
>>>>>>> 15bf686162f68478a4faa98d80c6a5330eee76be
    </Filter>
  </ItemGroup>
  <ItemGroup>
    <ClCompile Include="main.cpp">
      <Filter>Source Files</Filter>
    </ClCompile>
    <ClCompile Include="stdafx.cpp">
      <Filter>Source Files</Filter>
    </ClCompile>
    <ClCompile Include="Camera.cpp">
      <Filter>Source Files\Camera</Filter>
    </ClCompile>
    <ClCompile Include="Map.cpp">
      <Filter>Source Files\Map</Filter>
    </ClCompile>
    <ClCompile Include="MapChip.cpp">
      <Filter>Source Files\Map</Filter>
    </ClCompile>
    <ClCompile Include="Player.cpp">
      <Filter>Source Files\Player</Filter>
    </ClCompile>
    <ClCompile Include="Scene.cpp">
      <Filter>Source Files\Scene</Filter>
    </ClCompile>
<<<<<<< HEAD
    <ClCompile Include="Text.cpp">
=======
    <ClCompile Include="..\..\..\..\Text.cpp">
>>>>>>> 15bf686162f68478a4faa98d80c6a5330eee76be
      <Filter>Source Files\Text</Filter>
    </ClCompile>
  </ItemGroup>
  <ItemGroup>
    <ClInclude Include="stdafx.h">
      <Filter>Source Files</Filter>
    </ClInclude>
    <ClInclude Include="Camera.h">
      <Filter>Source Files\Camera</Filter>
    </ClInclude>
    <ClInclude Include="Map.h">
      <Filter>Source Files\Map</Filter>
    </ClInclude>
    <ClInclude Include="MapChip.h">
      <Filter>Source Files\Map</Filter>
    </ClInclude>
    <ClInclude Include="Player.h">
      <Filter>Source Files\Player</Filter>
    </ClInclude>
    <ClInclude Include="Scene.h">
      <Filter>Source Files\Scene</Filter>
    </ClInclude>
<<<<<<< HEAD
    <ClInclude Include="Text.h">
=======
    <ClInclude Include="Coin.h" />
    <ClInclude Include="..\..\..\..\Text.h">
>>>>>>> 15bf686162f68478a4faa98d80c6a5330eee76be
      <Filter>Source Files\Text</Filter>
    </ClInclude>
  </ItemGroup>
</Project>