<?xml version="1.0" encoding="utf-8"?>
<Project ToolsVersion="4.0" xmlns="http://schemas.microsoft.com/developer/msbuild/2003">
  <ItemGroup>
    <ClCompile Include="main.cpp" />
    <ClCompile Include="stdafx.cpp" />
    <ClCompile Include="Camera.cpp">
      <Filter>Camera</Filter>
    </ClCompile>
    <ClCompile Include="Map.cpp">
      <Filter>Map</Filter>
    </ClCompile>
    <ClCompile Include="MapChip.cpp">
      <Filter>Map</Filter>
    </ClCompile>
    <ClCompile Include="Scene.cpp">
      <Filter>Scene</Filter>
    </ClCompile>
    <ClCompile Include="Player.cpp">
      <Filter>Player</Filter>
    </ClCompile>
    <ClCompile Include="Start.cpp">
      <Filter>Screen\Start</Filter>
    </ClCompile>
    <ClCompile Include="Load.cpp">
      <Filter>Screen\Load</Filter>
    </ClCompile>
    <ClCompile Include="Enemy.cpp">
      <Filter>Enemy</Filter>
    </ClCompile>
    <ClCompile Include="Bar.cpp">
      <Filter>Screen\Hud\Bar</Filter>
    </ClCompile>
    <ClCompile Include="EnemyManager.cpp">
      <Filter>Enemy</Filter>
    </ClCompile>
    <ClCompile Include="result.cpp">
      <Filter>Screen\Result</Filter>
    </ClCompile>
    <ClCompile Include="gameover.cpp">
      <Filter>Screen\Gameover</Filter>
    </ClCompile>
    <ClCompile Include="Magic.cpp">
      <Filter>Screen\Hud\Magic</Filter>
    </ClCompile>
  </ItemGroup>
  <ItemGroup>
    <ClInclude Include="stdafx.h" />
    <ClInclude Include="Camera.h">
      <Filter>Camera</Filter>
    </ClInclude>
    <ClInclude Include="Map.h">
      <Filter>Map</Filter>
    </ClInclude>
    <ClInclude Include="MapChip.h">
      <Filter>Map</Filter>
    </ClInclude>
    <ClInclude Include="Scene.h">
      <Filter>Scene</Filter>
    </ClInclude>
    <ClInclude Include="Player.h">
      <Filter>Player</Filter>
    </ClInclude>
    <ClInclude Include="Start.h">
      <Filter>Screen\Start</Filter>
    </ClInclude>
    <ClInclude Include="Load.h">
      <Filter>Screen\Load</Filter>
    </ClInclude>
    <ClInclude Include="Enemy.h">
      <Filter>Enemy</Filter>
    </ClInclude>
    <ClInclude Include="Bar.h">
      <Filter>Screen\Hud\Bar</Filter>
    </ClInclude>
    <ClInclude Include="EnemyManager.h">
      <Filter>Enemy</Filter>
    </ClInclude>
    <ClInclude Include="EnumDat.h">
      <Filter>EnumDat</Filter>
    </ClInclude>
    <ClInclude Include="MapDat.h">
      <Filter>Map</Filter>
    </ClInclude>
    <ClInclude Include="result.h">
      <Filter>Screen\Result</Filter>
    </ClInclude>
    <ClInclude Include="gameover.h">
      <Filter>Screen\Gameover</Filter>
    </ClInclude>
    <ClInclude Include="Magic.h">
      <Filter>Screen\Hud\Magic</Filter>
    </ClInclude>
  </ItemGroup>
  <ItemGroup>
    <Filter Include="Camera">
      <UniqueIdentifier>{7aee3c0d-1891-4153-a3d4-e2c70538f603}</UniqueIdentifier>
    </Filter>
    <Filter Include="Map">
      <UniqueIdentifier>{5d52c9c9-5f03-4355-a33e-124aa6ed8353}</UniqueIdentifier>
    </Filter>
    <Filter Include="Scene">
      <UniqueIdentifier>{1e45ac89-6e84-403f-af90-1ebf235717a0}</UniqueIdentifier>
    </Filter>
    <Filter Include="Player">
      <UniqueIdentifier>{59b06482-3ec1-42ed-83ec-10a74273d411}</UniqueIdentifier>
    </Filter>
    <Filter Include="Screen">
      <UniqueIdentifier>{fba00017-3ef3-4aff-94c3-3c5b8d18075c}</UniqueIdentifier>
    </Filter>
    <Filter Include="Screen\Start">
      <UniqueIdentifier>{041a3a7e-2eaf-44e2-8189-bd62c08f96cf}</UniqueIdentifier>
    </Filter>
    <Filter Include="Screen\Load">
      <UniqueIdentifier>{77e8ae30-2a40-47b9-87cd-e77c2696db4e}</UniqueIdentifier>
    </Filter>
    <Filter Include="Enemy">
      <UniqueIdentifier>{5819d706-e01f-49e3-9582-8d348008b11e}</UniqueIdentifier>
    </Filter>
    <Filter Include="Screen\Hud">
      <UniqueIdentifier>{0a398202-c926-4e04-9ad4-a6dce0c75313}</UniqueIdentifier>
    </Filter>
    <Filter Include="Screen\Hud\Bar">
      <UniqueIdentifier>{9872acbd-52c6-43cb-8501-64fe780abcc9}</UniqueIdentifier>
    </Filter>
    <Filter Include="EnumDat">
      <UniqueIdentifier>{b13c0284-97fb-416a-a477-1048a42096b9}</UniqueIdentifier>
    </Filter>
    <Filter Include="Savedata">
      <UniqueIdentifier>{94fa6b9c-12ff-4ac3-af63-27f83a65b5f0}</UniqueIdentifier>
    </Filter>
    <Filter Include="Screen\Result">
      <UniqueIdentifier>{bb1c36a6-3a83-402b-8e43-1d40b17dd79d}</UniqueIdentifier>
    </Filter>
    <Filter Include="Screen\Gameover">
      <UniqueIdentifier>{1916afe0-588f-4104-a8ec-1ebaa8139f80}</UniqueIdentifier>
    </Filter>
    <Filter Include="Screen\Hud\Magic">
      <UniqueIdentifier>{e38710de-3c31-483a-a5cc-e9f67af059ee}</UniqueIdentifier>
    </Filter>
  </ItemGroup>
  <ItemGroup>
    <Text Include="SaveDat.txt">
      <Filter>Savedata</Filter>
    </Text>
  </ItemGroup>
</Project>